
Microsoft Visual Studio Solution File, Format Version 12.00
# Visual Studio Version 17
VisualStudioVersion = 17.14.37411.7 d17.14
MinimumVisualStudioVersion = 10.0.40219.1
Project("{FAE04EC0-301F-11D3-BF4B-00C04F79EFBC}") = "vehicle-rental-marketplace-v2", "vehicle-rental-marketplace-v2\vehicle-rental-marketplace-v2.csproj", "{CDB0F341-DB16-470C-AEFF-ABDF3239F8D7}"
EndProject
Global
	GlobalSection(SolutionConfigurationPlatforms) = preSolution
		Debug|Any CPU = Debug|Any CPU
		Release|Any CPU = Release|Any CPU
	EndGlobalSection
	GlobalSection(ProjectConfigurationPlatforms) = postSolution
		{CDB0F341-DB16-470C-AEFF-ABDF3239F8D7}.Debug|Any CPU.ActiveCfg = Debug|Any CPU
		{CDB0F341-DB16-470C-AEFF-ABDF3239F8D7}.Debug|Any CPU.Build.0 = Debug|Any CPU
		{CDB0F341-DB16-470C-AEFF-ABDF3239F8D7}.Release|Any CPU.ActiveCfg = Release|Any CPU
		{CDB0F341-DB16-470C-AEFF-ABDF3239F8D7}.Release|Any CPU.Build.0 = Release|Any CPU
	EndGlobalSection
	GlobalSection(SolutionProperties) = preSolution
		HideSolutionNode = FALSE
	EndGlobalSection
	GlobalSection(ExtensibilityGlobals) = postSolution
		SolutionGuid = {6DAD169D-7FC4-42F4-A19D-892D88F34635}
	EndGlobalSection
EndGlobal
